
Microsoft Visual Studio Solution File, Format Version 12.00
# Visual Studio 15
VisualStudioVersion = 15.0.27130.2024
MinimumVisualStudioVersion = 10.0.40219.1
Project("{FAE04EC0-301F-11D3-BF4B-00C04F79EFBC}") = "ContosoUniversity", "ContosoUniversity\ContosoUniversity.csproj", "{46C3704A-1E86-41CD-A9D6-7FAB36DCF240}"
EndProject
Global
	GlobalSection(SolutionConfigurationPlatforms) = preSolution
		Debug|Any CPU = Debug|Any CPU
		Release|Any CPU = Release|Any CPU
	EndGlobalSection
	GlobalSection(ProjectConfigurationPlatforms) = postSolution
		{46C3704A-1E86-41CD-A9D6-7FAB36DCF240}.Debug|Any CPU.ActiveCfg = Debug|Any CPU
		{46C3704A-1E86-41CD-A9D6-7FAB36DCF240}.Debug|Any CPU.Build.0 = Debug|Any CPU
		{46C3704A-1E86-41CD-A9D6-7FAB36DCF240}.Release|Any CPU.ActiveCfg = Release|Any CPU
		{46C3704A-1E86-41CD-A9D6-7FAB36DCF240}.Release|Any CPU.Build.0 = Release|Any CPU
	EndGlobalSection
	GlobalSection(SolutionProperties) = preSolution
		HideSolutionNode = FALSE
	EndGlobalSection
	GlobalSection(ExtensibilityGlobals) = postSolution
		SolutionGuid = {21EA5091-C637-4A1B-9914-2374022E328D}
	EndGlobalSection
EndGlobal
